lockfileVersion: '9.0'

settings:
  autoInstallPeers: true
  excludeLinksFromLockfile: false

importers:

  .:
    devDependencies:
      '@biomejs/biome':
        specifier: ^2.0.0
        version: 2.2.7
      '@repobuddy/biome':
        specifier: ^2.0.0
        version: 2.0.1(@biomejs/biome@2.2.7)
      '@types/node':
        specifier: ^20.11.19
        version: 20.11.30

packages:

  '@biomejs/biome@2.2.7':
    resolution: {integrity: sha512-1a8j0UP1vXVUf3UzMZEJ/zS2VgAG6wU6Cuh/I764sUGI+MCnJs/9WaojHYBDCxCMLTgU60/WqnYof85emXmSBA==}
    engines: {node: '>=14.21.3'}
    hasBin: true

  '@biomejs/cli-darwin-arm64@2.2.7':
    resolution: {integrity: sha512-xBUUsebnO2/Qj1v7eZmKUy2ZcFkZ4/jLUkxN02Qup1RPoRaiW9AKXHrqS3L7iX6PzofHY2xuZ+Pb9kAcpoe0qA==}
    engines: {node: '>=14.21.3'}
    cpu: [arm64]
    os: [darwin]

  '@biomejs/cli-darwin-x64@2.2.7':
    resolution: {integrity: sha512-vsY4NhmxqgfLJufr9XUnC+yGUPJiXAc1mz6FcjaAmuIuLwfghN4uQO7hnW2AneGyoi2mNe9Jbvf6Qtq4AjzrFg==}
    engines: {node: '>=14.21.3'}
    cpu: [x64]
    os: [darwin]

  '@biomejs/cli-linux-arm64-musl@2.2.7':
    resolution: {integrity: sha512-FrTwvKO/7t5HbVTvhlMOTOVQLAcR7r4O4iFQhEpZXUtBfosHqrX/JJlX7daPawoe14MDcCu9CDg0zLVpTuDvuQ==}
    engines: {node: '>=14.21.3'}
    cpu: [arm64]
    os: [linux]

  '@biomejs/cli-linux-arm64@2.2.7':
    resolution: {integrity: sha512-nUdco104rjV9dULi1VssQ5R/kX2jE/Z2sDjyqS+siV9sTQda0DwmEUixFNRCWvZJRRiZUWhgiDFJ4n7RowO8Mg==}
    engines: {node: '>=14.21.3'}
    cpu: [arm64]
    os: [linux]

  '@biomejs/cli-linux-x64-musl@2.2.7':
    resolution: {integrity: sha512-MnsysF5s/iLC5wnYvuMseOy+m8Pd4bWG1uwlVyy2AUbfjAVUgtbYbboc5wMXljFrDY7e6rLjLTR4S2xqDpGlQg==}
    engines: {node: '>=14.21.3'}
    cpu: [x64]
    os: [linux]

  '@biomejs/cli-linux-x64@2.2.7':
    resolution: {integrity: sha512-tPTcGAIEOOZrj2tQ7fdraWlaxNKApBw6l4In8wQQV1IyxnAexqi0hykHzKEX8hKKctf5gxGBfNCzyIvqpj4CFQ==}
    engines: {node: '>=14.21.3'}
    cpu: [x64]
    os: [linux]

  '@biomejs/cli-win32-arm64@2.2.7':
    resolution: {integrity: sha512-h5D1jhwA2b7cFXerYiJfXHSzzAMFFoEDL5Mc2BgiaEw0iaSgSso/3Nc6FbOR55aTQISql+IpB4PS7JoV26Gdbw==}
    engines: {node: '>=14.21.3'}
    cpu: [arm64]
    os: [win32]

  '@biomejs/cli-win32-x64@2.2.7':
    resolution: {integrity: sha512-URqAJi0kONyBKG4V9NVafHLDtm6IHmF4qPYi/b6x7MD6jxpWeJiTCO6R5+xDlWckX2T/OGv6Yq3nkz6s0M8Ykw==}
    engines: {node: '>=14.21.3'}
    cpu: [x64]
    os: [win32]

  '@repobuddy/biome@2.0.1':
    resolution: {integrity: sha512-9IfrOWqSVxNGELrq+LxYK1sBA3/ZQzbP1csruaGyaYmA5MPABj25/TiIvU8BnbdmDJQ+DTgWYoelIXSATXZpyg==}
    peerDependencies:
      '@biomejs/biome': '>= 1.8.0'

  '@types/node@20.11.30':
    resolution: {integrity: sha512-dHM6ZxwlmuZaRmUPfv1p+KrdD1Dci04FbdEm/9wEMouFqxYoFl5aMkt0VMAUtYRQDyYvD41WJLukhq/ha3YuTw==}

  undici-types@5.26.5:
    resolution: {integrity: sha512-JlCMO+ehdEIKqlFxk6IfVoAUVmgz7cU7zD/h9XZ0qzeosSHmUJVOzSQvvYSYWXkFXC+IfLKSIffhv0sVZup6pA==}

snapshots:

  '@biomejs/biome@2.2.7':
    optionalDependencies:
      '@biomejs/cli-darwin-arm64': 2.2.7
      '@biomejs/cli-darwin-x64': 2.2.7
      '@biomejs/cli-linux-arm64': 2.2.7
      '@biomejs/cli-linux-arm64-musl': 2.2.7
      '@biomejs/cli-linux-x64': 2.2.7
      '@biomejs/cli-linux-x64-musl': 2.2.7
      '@biomejs/cli-win32-arm64': 2.2.7
      '@biomejs/cli-win32-x64': 2.2.7

  '@biomejs/cli-darwin-arm64@2.2.7':
    optional: true

  '@biomejs/cli-darwin-x64@2.2.7':
    optional: true

  '@biomejs/cli-linux-arm64-musl@2.2.7':
    optional: true

  '@biomejs/cli-linux-arm64@2.2.7':
    optional: true

  '@biomejs/cli-linux-x64-musl@2.2.7':
    optional: true

  '@biomejs/cli-linux-x64@2.2.7':
    optional: true

  '@biomejs/cli-win32-arm64@2.2.7':
    optional: true

  '@biomejs/cli-win32-x64@2.2.7':
    optional: true

  '@repobuddy/biome@2.0.1(@biomejs/biome@2.2.7)':
    dependencies:
      '@biomejs/biome': 2.2.7

  '@types/node@20.11.30':
    dependencies:
      undici-types: 5.26.5

  undici-types@5.26.5: {}
