lockfileVersion: '9.0'

settings:
  autoInstallPeers: true
  excludeLinksFromLockfile: false

importers:

  .:
    devDependencies:
      '@biomejs/biome':
        specifier: ^2.0.0
        version: 2.3.1
      '@repobuddy/biome':
        specifier: ^2.0.0
        version: 2.0.1(@biomejs/biome@2.3.1)
      '@types/node':
        specifier: ^20.11.19
        version: 20.11.30

packages:

  '@biomejs/biome@2.3.1':
    resolution: {integrity: sha512-A29evf1R72V5bo4o2EPxYMm5mtyGvzp2g+biZvRFx29nWebGyyeOSsDWGx3tuNNMFRepGwxmA9ZQ15mzfabK2w==}
    engines: {node: '>=14.21.3'}
    hasBin: true

  '@biomejs/cli-darwin-arm64@2.3.1':
    resolution: {integrity: sha512-ombSf3MnTUueiYGN1SeI9tBCsDUhpWzOwS63Dove42osNh0PfE1cUtHFx6eZ1+MYCCLwXzlFlYFdrJ+U7h6LcA==}
    engines: {node: '>=14.21.3'}
    cpu: [arm64]
    os: [darwin]

  '@biomejs/cli-darwin-x64@2.3.1':
    resolution: {integrity: sha512-pcOfwyoQkrkbGvXxRvZNe5qgD797IowpJPovPX5biPk2FwMEV+INZqfCaz4G5bVq9hYnjwhRMamg11U4QsRXrQ==}
    engines: {node: '>=14.21.3'}
    cpu: [x64]
    os: [darwin]

  '@biomejs/cli-linux-arm64-musl@2.3.1':
    resolution: {integrity: sha512-+DZYv8l7FlUtTrWs1Tdt1KcNCAmRO87PyOnxKGunbWm5HKg1oZBSbIIPkjrCtDZaeqSG1DiGx7qF+CPsquQRcg==}
    engines: {node: '>=14.21.3'}
    cpu: [arm64]
    os: [linux]

  '@biomejs/cli-linux-arm64@2.3.1':
    resolution: {integrity: sha512-td5O8pFIgLs8H1sAZsD6v+5quODihyEw4nv2R8z7swUfIK1FKk+15e4eiYVLcAE4jUqngvh4j3JCNgg0Y4o4IQ==}
    engines: {node: '>=14.21.3'}
    cpu: [arm64]
    os: [linux]

  '@biomejs/cli-linux-x64-musl@2.3.1':
    resolution: {integrity: sha512-Y3Ob4nqgv38Mh+6EGHltuN+Cq8aj/gyMTJYzkFZV2AEj+9XzoXB9VNljz9pjfFNHUxvLEV4b55VWyxozQTBaUQ==}
    engines: {node: '>=14.21.3'}
    cpu: [x64]
    os: [linux]

  '@biomejs/cli-linux-x64@2.3.1':
    resolution: {integrity: sha512-PYWgEO7up7XYwSAArOpzsVCiqxBCXy53gsReAb1kKYIyXaoAlhBaBMvxR/k2Rm9aTuZ662locXUmPk/Aj+Xu+Q==}
    engines: {node: '>=14.21.3'}
    cpu: [x64]
    os: [linux]

  '@biomejs/cli-win32-arm64@2.3.1':
    resolution: {integrity: sha512-RHIG/zgo+69idUqVvV3n8+j58dKYABRpMyDmfWu2TITC+jwGPiEaT0Q3RKD+kQHiS80mpBrST0iUGeEXT0bU9A==}
    engines: {node: '>=14.21.3'}
    cpu: [arm64]
    os: [win32]

  '@biomejs/cli-win32-x64@2.3.1':
    resolution: {integrity: sha512-izl30JJ5Dp10mi90Eko47zhxE6pYyWPcnX1NQxKpL/yMhXxf95oLTzfpu4q+MDBh/gemNqyJEwjBpe0MT5iWPA==}
    engines: {node: '>=14.21.3'}
    cpu: [x64]
    os: [win32]

  '@repobuddy/biome@2.0.1':
    resolution: {integrity: sha512-9IfrOWqSVxNGELrq+LxYK1sBA3/ZQzbP1csruaGyaYmA5MPABj25/TiIvU8BnbdmDJQ+DTgWYoelIXSATXZpyg==}
    peerDependencies:
      '@biomejs/biome': '>= 1.8.0'

  '@types/node@20.11.30':
    resolution: {integrity: sha512-dHM6ZxwlmuZaRmUPfv1p+KrdD1Dci04FbdEm/9wEMouFqxYoFl5aMkt0VMAUtYRQDyYvD41WJLukhq/ha3YuTw==}

  undici-types@5.26.5:
    resolution: {integrity: sha512-JlCMO+ehdEIKqlFxk6IfVoAUVmgz7cU7zD/h9XZ0qzeosSHmUJVOzSQvvYSYWXkFXC+IfLKSIffhv0sVZup6pA==}

snapshots:

  '@biomejs/biome@2.3.1':
    optionalDependencies:
      '@biomejs/cli-darwin-arm64': 2.3.1
      '@biomejs/cli-darwin-x64': 2.3.1
      '@biomejs/cli-linux-arm64': 2.3.1
      '@biomejs/cli-linux-arm64-musl': 2.3.1
      '@biomejs/cli-linux-x64': 2.3.1
      '@biomejs/cli-linux-x64-musl': 2.3.1
      '@biomejs/cli-win32-arm64': 2.3.1
      '@biomejs/cli-win32-x64': 2.3.1

  '@biomejs/cli-darwin-arm64@2.3.1':
    optional: true

  '@biomejs/cli-darwin-x64@2.3.1':
    optional: true

  '@biomejs/cli-linux-arm64-musl@2.3.1':
    optional: true

  '@biomejs/cli-linux-arm64@2.3.1':
    optional: true

  '@biomejs/cli-linux-x64-musl@2.3.1':
    optional: true

  '@biomejs/cli-linux-x64@2.3.1':
    optional: true

  '@biomejs/cli-win32-arm64@2.3.1':
    optional: true

  '@biomejs/cli-win32-x64@2.3.1':
    optional: true

  '@repobuddy/biome@2.0.1(@biomejs/biome@2.3.1)':
    dependencies:
      '@biomejs/biome': 2.3.1

  '@types/node@20.11.30':
    dependencies:
      undici-types: 5.26.5

  undici-types@5.26.5: {}
